Microsoft Visual Studio Solution File, Format Version 12.00
# Visual Studio 2012
Project("{FAE04EC0-301F-11D3-BF4B-00C04F79EFBC}") = "Mega Knight", "Mega Knight.csproj", "{BE40FF83-C9A5-49B8-A343-177D6F36123E}"
EndProject
Global
	GlobalSection(SolutionConfigurationPlatforms) = preSolution
	Debug|Any CPU = Debug|Any CPU
	ExportDebug|Any CPU = ExportDebug|Any CPU
	ExportRelease|Any CPU = ExportRelease|Any CPU
	EndGlobalSection
	GlobalSection(ProjectConfigurationPlatforms) = postSolution
		{BE40FF83-C9A5-49B8-A343-177D6F36123E}.Debug|Any CPU.ActiveCfg = Debug|Any CPU
		{BE40FF83-C9A5-49B8-A343-177D6F36123E}.Debug|Any CPU.Build.0 = Debug|Any CPU
		{BE40FF83-C9A5-49B8-A343-177D6F36123E}.ExportDebug|Any CPU.ActiveCfg = ExportDebug|Any CPU
		{BE40FF83-C9A5-49B8-A343-177D6F36123E}.ExportDebug|Any CPU.Build.0 = ExportDebug|Any CPU
		{BE40FF83-C9A5-49B8-A343-177D6F36123E}.ExportRelease|Any CPU.ActiveCfg = ExportRelease|Any CPU
		{BE40FF83-C9A5-49B8-A343-177D6F36123E}.ExportRelease|Any CPU.Build.0 = ExportRelease|Any CPU
	EndGlobalSection
EndGlobal
